
Microsoft Visual Studio Solution File, Format Version 12.00
# Visual Studio Version 16
VisualStudioVersion = 16.0.30517.126
MinimumVisualStudioVersion = 10.0.40219.1
Project("{D954291E-2A0B-460D-934E-DC6B0785DB48}") = "WeightedRandomizer.SharedProject", "WeightedRandomizer.SharedProject\WeightedRandomizer.SharedProject.shproj", "{822EC58E-5C20-4258-A90C-57C673A0543A}"
EndProject
Project("{FAE04EC0-301F-11D3-BF4B-00C04F79EFBC}") = "WeightedRandomizer.Android", "WeightedRandomizer.Android\WeightedRandomizer.Android.csproj", "{08C13DBE-91A3-4C4B-AA20-744C3B72B323}"
EndProject
Project("{FAE04EC0-301F-11D3-BF4B-00C04F79EFBC}") = "WeightedRandomizer.iOS", "WeightedRandomizer.iOS\WeightedRandomizer.iOS.csproj", "{37149742-3ACD-4EDD-A701-1F7216A0B8F5}"
EndProject
Project("{2150E333-8FDC-42A3-9474-1A3956D46DE8}") = "Solution Items", "Solution Items", "{E7D9EEC3-A0A2-4A36-9E8E-96DD370EEEEE}"
	ProjectSection(SolutionItems) = preProject
		buildNugetPackages.ps1 = buildNugetPackages.ps1
		WeightedRandomizer.nuspec = WeightedRandomizer.nuspec
	EndProjectSection
EndProject
Project("{FAE04EC0-301F-11D3-BF4B-00C04F79EFBC}") = "WeightedRandomizer.WindowsDX", "WeightedRandomizer.WindowsDX\WeightedRandomizer.WindowsDX.csproj", "{10627170-3161-49FC-B660-C40EE7B78217}"
EndProject
Global
	GlobalSection(SharedMSBuildProjectFiles) = preSolution
		WeightedRandomizer.SharedProject\WeightedRandomizer.SharedProject.projitems*{08c13dbe-91a3-4c4b-aa20-744c3b72b323}*SharedItemsImports = 4
		WeightedRandomizer.SharedProject\WeightedRandomizer.SharedProject.projitems*{10627170-3161-49fc-b660-c40ee7b78217}*SharedItemsImports = 4
		WeightedRandomizer.SharedProject\WeightedRandomizer.SharedProject.projitems*{37149742-3acd-4edd-a701-1f7216a0b8f5}*SharedItemsImports = 4
		WeightedRandomizer.SharedProject\WeightedRandomizer.SharedProject.projitems*{822ec58e-5c20-4258-a90c-57c673a0543a}*SharedItemsImports = 13
	EndGlobalSection
	GlobalSection(SolutionConfigurationPlatforms) = preSolution
		Debug|Any CPU = Debug|Any CPU
		Debug|ARM = Debug|ARM
		Debug|x64 = Debug|x64
		Debug|x86 = Debug|x86
		Release|Any CPU = Release|Any CPU
		Release|ARM = Release|ARM
		Release|x64 = Release|x64
		Release|x86 = Release|x86
	EndGlobalSection
	GlobalSection(ProjectConfigurationPlatforms) = postSolution
		{08C13DBE-91A3-4C4B-AA20-744C3B72B323}.Debug|Any CPU.ActiveCfg = Debug|Any CPU
		{08C13DBE-91A3-4C4B-AA20-744C3B72B323}.Debug|Any CPU.Build.0 = Debug|Any CPU
		{08C13DBE-91A3-4C4B-AA20-744C3B72B323}.Debug|ARM.ActiveCfg = Debug|Any CPU
		{08C13DBE-91A3-4C4B-AA20-744C3B72B323}.Debug|ARM.Build.0 = Debug|Any CPU
		{08C13DBE-91A3-4C4B-AA20-744C3B72B323}.Debug|x64.ActiveCfg = Debug|Any CPU
		{08C13DBE-91A3-4C4B-AA20-744C3B72B323}.Debug|x64.Build.0 = Debug|Any CPU
		{08C13DBE-91A3-4C4B-AA20-744C3B72B323}.Debug|x86.ActiveCfg = Debug|Any CPU
		{08C13DBE-91A3-4C4B-AA20-744C3B72B323}.Debug|x86.Build.0 = Debug|Any CPU
		{08C13DBE-91A3-4C4B-AA20-744C3B72B323}.Release|Any CPU.ActiveCfg = Release|Any CPU
		{08C13DBE-91A3-4C4B-AA20-744C3B72B323}.Release|Any CPU.Build.0 = Release|Any CPU
		{08C13DBE-91A3-4C4B-AA20-744C3B72B323}.Release|ARM.ActiveCfg = Release|Any CPU
		{08C13DBE-91A3-4C4B-AA20-744C3B72B323}.Release|ARM.Build.0 = Release|Any CPU
		{08C13DBE-91A3-4C4B-AA20-744C3B72B323}.Release|x64.ActiveCfg = Release|Any CPU
		{08C13DBE-91A3-4C4B-AA20-744C3B72B323}.Release|x64.Build.0 = Release|Any CPU
		{08C13DBE-91A3-4C4B-AA20-744C3B72B323}.Release|x86.ActiveCfg = Release|Any CPU
		{08C13DBE-91A3-4C4B-AA20-744C3B72B323}.Release|x86.Build.0 = Release|Any CPU
		{37149742-3ACD-4EDD-A701-1F7216A0B8F5}.Debug|Any CPU.ActiveCfg = Debug|Any CPU
		{37149742-3ACD-4EDD-A701-1F7216A0B8F5}.Debug|Any CPU.Build.0 = Debug|Any CPU
		{37149742-3ACD-4EDD-A701-1F7216A0B8F5}.Debug|ARM.ActiveCfg = Debug|Any CPU
		{37149742-3ACD-4EDD-A701-1F7216A0B8F5}.Debug|ARM.Build.0 = Debug|Any CPU
		{37149742-3ACD-4EDD-A701-1F7216A0B8F5}.Debug|x64.ActiveCfg = Debug|Any CPU
		{37149742-3ACD-4EDD-A701-1F7216A0B8F5}.Debug|x64.Build.0 = Debug|Any CPU
		{37149742-3ACD-4EDD-A701-1F7216A0B8F5}.Debug|x86.ActiveCfg = Debug|Any CPU
		{37149742-3ACD-4EDD-A701-1F7216A0B8F5}.Debug|x86.Build.0 = Debug|Any CPU
		{37149742-3ACD-4EDD-A701-1F7216A0B8F5}.Release|Any CPU.ActiveCfg = Release|Any CPU
		{37149742-3ACD-4EDD-A701-1F7216A0B8F5}.Release|Any CPU.Build.0 = Release|Any CPU
		{37149742-3ACD-4EDD-A701-1F7216A0B8F5}.Release|ARM.ActiveCfg = Release|Any CPU
		{37149742-3ACD-4EDD-A701-1F7216A0B8F5}.Release|ARM.Build.0 = Release|Any CPU
		{37149742-3ACD-4EDD-A701-1F7216A0B8F5}.Release|x64.ActiveCfg = Release|Any CPU
		{37149742-3ACD-4EDD-A701-1F7216A0B8F5}.Release|x64.Build.0 = Release|Any CPU
		{37149742-3ACD-4EDD-A701-1F7216A0B8F5}.Release|x86.ActiveCfg = Release|Any CPU
		{37149742-3ACD-4EDD-A701-1F7216A0B8F5}.Release|x86.Build.0 = Release|Any CPU
		{10627170-3161-49FC-B660-C40EE7B78217}.Debug|Any CPU.ActiveCfg = Debug|Any CPU
		{10627170-3161-49FC-B660-C40EE7B78217}.Debug|Any CPU.Build.0 = Debug|Any CPU
		{10627170-3161-49FC-B660-C40EE7B78217}.Debug|ARM.ActiveCfg = Debug|Any CPU
		{10627170-3161-49FC-B660-C40EE7B78217}.Debug|ARM.Build.0 = Debug|Any CPU
		{10627170-3161-49FC-B660-C40EE7B78217}.Debug|x64.ActiveCfg = Debug|Any CPU
		{10627170-3161-49FC-B660-C40EE7B78217}.Debug|x64.Build.0 = Debug|Any CPU
		{10627170-3161-49FC-B660-C40EE7B78217}.Debug|x86.ActiveCfg = Debug|Any CPU
		{10627170-3161-49FC-B660-C40EE7B78217}.Debug|x86.Build.0 = Debug|Any CPU
		{10627170-3161-49FC-B660-C40EE7B78217}.Release|Any CPU.ActiveCfg = Release|Any CPU
		{10627170-3161-49FC-B660-C40EE7B78217}.Release|Any CPU.Build.0 = Release|Any CPU
		{10627170-3161-49FC-B660-C40EE7B78217}.Release|ARM.ActiveCfg = Release|Any CPU
		{10627170-3161-49FC-B660-C40EE7B78217}.Release|ARM.Build.0 = Release|Any CPU
		{10627170-3161-49FC-B660-C40EE7B78217}.Release|x64.ActiveCfg = Release|Any CPU
		{10627170-3161-49FC-B660-C40EE7B78217}.Release|x64.Build.0 = Release|Any CPU
		{10627170-3161-49FC-B660-C40EE7B78217}.Release|x86.ActiveCfg = Release|Any CPU
		{10627170-3161-49FC-B660-C40EE7B78217}.Release|x86.Build.0 = Release|Any CPU
	EndGlobalSection
	GlobalSection(SolutionProperties) = preSolution
		HideSolutionNode = FALSE
	EndGlobalSection
	GlobalSection(ExtensibilityGlobals) = postSolution
		SolutionGuid = {EC65866B-3712-4C1A-A343-89B1EA54166E}
	EndGlobalSection
EndGlobal
